
Microsoft Visual Studio Solution File, Format Version 12.00
# Visual Studio Version 17
VisualStudioVersion = 17.5.33530.505
MinimumVisualStudioVersion = 10.0.40219.1
Project("{FAE04EC0-301F-11D3-BF4B-00C04F79EFBC}") = "problema3_lab3", "problema3_lab3\problema3_lab3.csproj", "{310DF5C0-E67B-4AD7-A009-A855CE5AC010}"
EndProject
Global
	GlobalSection(SolutionConfigurationPlatforms) = preSolution
		Debug|Any CPU = Debug|Any CPU
		Release|Any CPU = Release|Any CPU
	EndGlobalSection
	GlobalSection(ProjectConfigurationPlatforms) = postSolution
		{310DF5C0-E67B-4AD7-A009-A855CE5AC010}.Debug|Any CPU.ActiveCfg = Debug|Any CPU
		{310DF5C0-E67B-4AD7-A009-A855CE5AC010}.Debug|Any CPU.Build.0 = Debug|Any CPU
		{310DF5C0-E67B-4AD7-A009-A855CE5AC010}.Release|Any CPU.ActiveCfg = Release|Any CPU
		{310DF5C0-E67B-4AD7-A009-A855CE5AC010}.Release|Any CPU.Build.0 = Release|Any CPU
	EndGlobalSection
	GlobalSection(SolutionProperties) = preSolution
		HideSolutionNode = FALSE
	EndGlobalSection
	GlobalSection(ExtensibilityGlobals) = postSolution
		SolutionGuid = {4F9D3601-1436-431E-BF33-F3E293D04458}
	EndGlobalSection
EndGlobal
